
Microsoft Visual Studio Solution File, Format Version 12.00
# Visual Studio Version 17
VisualStudioVersion = 17.8.34330.188
MinimumVisualStudioVersion = 10.0.40219.1
Project("{8BC9CEB8-8B4A-11D0-8D11-00A0C91BC942}") = "CookieProject", "CookieProject\CookieProject.vcxproj", "{1946561B-C804-496F-B93F-1E43044042BD}"
EndProject
Global
	GlobalSection(SolutionConfigurationPlatforms) = preSolution
		Debug|x64 = Debug|x64
		Debug|x86 = Debug|x86
		Release|x64 = Release|x64
		Release|x86 = Release|x86
	EndGlobalSection
	GlobalSection(ProjectConfigurationPlatforms) = postSolution
		{1946561B-C804-496F-B93F-1E43044042BD}.Debug|x64.ActiveCfg = Debug|x64
		{1946561B-C804-496F-B93F-1E43044042BD}.Debug|x64.Build.0 = Debug|x64
		{1946561B-C804-496F-B93F-1E43044042BD}.Debug|x86.ActiveCfg = Debug|Win32
		{1946561B-C804-496F-B93F-1E43044042BD}.Debug|x86.Build.0 = Debug|Win32
		{1946561B-C804-496F-B93F-1E43044042BD}.Release|x64.ActiveCfg = Release|x64
		{1946561B-C804-496F-B93F-1E43044042BD}.Release|x64.Build.0 = Release|x64
		{1946561B-C804-496F-B93F-1E43044042BD}.Release|x86.ActiveCfg = Release|Win32
		{1946561B-C804-496F-B93F-1E43044042BD}.Release|x86.Build.0 = Release|Win32
	EndGlobalSection
	GlobalSection(SolutionProperties) = preSolution
		HideSolutionNode = FALSE
	EndGlobalSection
	GlobalSection(ExtensibilityGlobals) = postSolution
		SolutionGuid = {AD2FE696-46ED-419C-AD4E-7B9135BCB536}
	EndGlobalSection
EndGlobal
